
Microsoft Visual Studio Solution File, Format Version 12.00
# Visual Studio 15
VisualStudioVersion = 15.0.27004.2002
MinimumVisualStudioVersion = 10.0.40219.1
Project("{FAE04EC0-301F-11D3-BF4B-00C04F79EFBC}") = "AzureDeployProject", "AzureDeployProject\AzureDeployProject.csproj", "{B4BBFA8A-3A25-462E-8FCE-09107A78A34A}"
EndProject
Global
	GlobalSection(SolutionConfigurationPlatforms) = preSolution
		Debug|Any CPU = Debug|Any CPU
		Release|Any CPU = Release|Any CPU
	EndGlobalSection
	GlobalSection(ProjectConfigurationPlatforms) = postSolution
		{B4BBFA8A-3A25-462E-8FCE-09107A78A34A}.Debug|Any CPU.ActiveCfg = Debug|Any CPU
		{B4BBFA8A-3A25-462E-8FCE-09107A78A34A}.Debug|Any CPU.Build.0 = Debug|Any CPU
		{B4BBFA8A-3A25-462E-8FCE-09107A78A34A}.Release|Any CPU.ActiveCfg = Release|Any CPU
		{B4BBFA8A-3A25-462E-8FCE-09107A78A34A}.Release|Any CPU.Build.0 = Release|Any CPU
	EndGlobalSection
	GlobalSection(SolutionProperties) = preSolution
		HideSolutionNode = FALSE
	EndGlobalSection
	GlobalSection(ExtensibilityGlobals) = postSolution
		SolutionGuid = {068CDB51-AA23-471A-8147-AC9772DD83DF}
	EndGlobalSection
EndGlobal
